
Microsoft Visual Studio Solution File, Format Version 12.00
# Visual Studio Version 17
VisualStudioVersion = 17.7.34031.279
MinimumVisualStudioVersion = 10.0.40219.1
Project("{9A19103F-16F7-4668-BE54-9A1E7A4F7556}") = "JobApplicationLibrary", "JoppApplication\JobApplicationLibrary.csproj", "{B424F58B-28C8-4F36-BCE9-08350863AB52}"
EndProject
Project("{9A19103F-16F7-4668-BE54-9A1E7A4F7556}") = "JobApplicationLibrary.UnitTest", "JobApplicationLibrary.UnitTest\JobApplicationLibrary.UnitTest.csproj", "{419D7E11-8313-4620-9BA7-8C935427F858}"
	ProjectSection(ProjectDependencies) = postProject
		{B424F58B-28C8-4F36-BCE9-08350863AB52} = {B424F58B-28C8-4F36-BCE9-08350863AB52}
	EndProjectSection
EndProject
Global
	GlobalSection(SolutionConfigurationPlatforms) = preSolution
		Debug|Any CPU = Debug|Any CPU
		Release|Any CPU = Release|Any CPU
	EndGlobalSection
	GlobalSection(ProjectConfigurationPlatforms) = postSolution
		{B424F58B-28C8-4F36-BCE9-08350863AB52}.Debug|Any CPU.ActiveCfg = Release|Any CPU
		{B424F58B-28C8-4F36-BCE9-08350863AB52}.Debug|Any CPU.Build.0 = Release|Any CPU
		{B424F58B-28C8-4F36-BCE9-08350863AB52}.Release|Any CPU.ActiveCfg = Release|Any CPU
		{B424F58B-28C8-4F36-BCE9-08350863AB52}.Release|Any CPU.Build.0 = Release|Any CPU
		{419D7E11-8313-4620-9BA7-8C935427F858}.Debug|Any CPU.ActiveCfg = Debug|Any CPU
		{419D7E11-8313-4620-9BA7-8C935427F858}.Debug|Any CPU.Build.0 = Debug|Any CPU
		{419D7E11-8313-4620-9BA7-8C935427F858}.Release|Any CPU.ActiveCfg = Release|Any CPU
		{419D7E11-8313-4620-9BA7-8C935427F858}.Release|Any CPU.Build.0 = Release|Any CPU
	EndGlobalSection
	GlobalSection(SolutionProperties) = preSolution
		HideSolutionNode = FALSE
	EndGlobalSection
	GlobalSection(ExtensibilityGlobals) = postSolution
		SolutionGuid = {55392789-0D0E-4CFB-9B11-215451FCECF1}
	EndGlobalSection
EndGlobal
